{
  "name": "nodeBot",
  "lockfileVersion": 3,
  "requires": true,
  "packages": {
    "": {
      "dependencies": {
        "@kudoai/chatgpt.js": "^2.6.7"
      }
    },
    "node_modules/@kudoai/chatgpt.js": {
      "version": "2.6.7",
      "resolved": "https://registry.npmjs.org/@kudoai/chatgpt.js/-/chatgpt.js-2.6.7.tgz",
      "integrity": "sha512-GkgVkZ7hBX/G2rTfY8rB+DrD/NAJwyyqRzwxEFBi7Yfs5RqCOe9ce17jyCPlkV4KQP30EYIl2Uwtmhw7VVDNMQ==",
      "funding": {
        "type": "github",
        "url": "https://github.com/sponsors/KudoAI"
      }
    }
  }
}
